
Microsoft Visual Studio Solution File, Format Version 12.00
# Visual Studio Version 16
VisualStudioVersion = 16.0.30309.148
MinimumVisualStudioVersion = 10.0.40219.1
Project("{FAE04EC0-301F-11D3-BF4B-00C04F79EFBC}") = "Bank_Account 21-08-2020", "Bank_Account 21-08-2020\Bank_Account 21-08-2020.csproj", "{89C2E3BB-BBFF-4402-A197-92DFB3EAF256}"
EndProject
Global
	GlobalSection(SolutionConfigurationPlatforms) = preSolution
		Debug|Any CPU = Debug|Any CPU
		Release|Any CPU = Release|Any CPU
	EndGlobalSection
	GlobalSection(ProjectConfigurationPlatforms) = postSolution
		{89C2E3BB-BBFF-4402-A197-92DFB3EAF256}.Debug|Any CPU.ActiveCfg = Debug|Any CPU
		{89C2E3BB-BBFF-4402-A197-92DFB3EAF256}.Debug|Any CPU.Build.0 = Debug|Any CPU
		{89C2E3BB-BBFF-4402-A197-92DFB3EAF256}.Release|Any CPU.ActiveCfg = Release|Any CPU
		{89C2E3BB-BBFF-4402-A197-92DFB3EAF256}.Release|Any CPU.Build.0 = Release|Any CPU
	EndGlobalSection
	GlobalSection(SolutionProperties) = preSolution
		HideSolutionNode = FALSE
	EndGlobalSection
	GlobalSection(ExtensibilityGlobals) = postSolution
		SolutionGuid = {4CDD41C7-2B39-4748-B57D-9EA2507A411E}
	EndGlobalSection
EndGlobal
